
Microsoft Visual Studio Solution File, Format Version 12.00
# Visual Studio Version 16
VisualStudioVersion = 16.0.31005.135
MinimumVisualStudioVersion = 10.0.40219.1
Project("{FAE04EC0-301F-11D3-BF4B-00C04F79EFBC}") = "Activityll", "Activityll\Activityll.csproj", "{C0F4EF0E-9E6B-4762-9445-112A117F5D6F}"
EndProject
Global
	GlobalSection(SolutionConfigurationPlatforms) = preSolution
		Debug|Any CPU = Debug|Any CPU
		Release|Any CPU = Release|Any CPU
	EndGlobalSection
	GlobalSection(ProjectConfigurationPlatforms) = postSolution
		{C0F4EF0E-9E6B-4762-9445-112A117F5D6F}.Debug|Any CPU.ActiveCfg = Debug|Any CPU
		{C0F4EF0E-9E6B-4762-9445-112A117F5D6F}.Debug|Any CPU.Build.0 = Debug|Any CPU
		{C0F4EF0E-9E6B-4762-9445-112A117F5D6F}.Release|Any CPU.ActiveCfg = Release|Any CPU
		{C0F4EF0E-9E6B-4762-9445-112A117F5D6F}.Release|Any CPU.Build.0 = Release|Any CPU
	EndGlobalSection
	GlobalSection(SolutionProperties) = preSolution
		HideSolutionNode = FALSE
	EndGlobalSection
	GlobalSection(ExtensibilityGlobals) = postSolution
		SolutionGuid = {F84603D9-27B6-4E8B-BFF3-56C1FE89CAB1}
	EndGlobalSection
EndGlobal
